
Microsoft Visual Studio Solution File, Format Version 12.00
# Visual Studio Version 16
VisualStudioVersion = 16.0.30114.105
MinimumVisualStudioVersion = 10.0.40219.1
Project("{FAE04EC0-301F-11D3-BF4B-00C04F79EFBC}") = "Finbourne.Configuration.Sdk", "Finbourne.Configuration.Sdk\Finbourne.Configuration.Sdk.csproj", "{E4FDAFEF-9AC2-4FF6-97DD-62E52A049AFB}"
EndProject
Global
	GlobalSection(SolutionConfigurationPlatforms) = preSolution
		Debug|Any CPU = Debug|Any CPU
		Release|Any CPU = Release|Any CPU
	EndGlobalSection
	GlobalSection(SolutionProperties) = preSolution
		HideSolutionNode = FALSE
	EndGlobalSection
	GlobalSection(ProjectConfigurationPlatforms) = postSolution
		{E4FDAFEF-9AC2-4FF6-97DD-62E52A049AFB}.Debug|Any CPU.ActiveCfg = Debug|Any CPU
		{E4FDAFEF-9AC2-4FF6-97DD-62E52A049AFB}.Debug|Any CPU.Build.0 = Debug|Any CPU
		{E4FDAFEF-9AC2-4FF6-97DD-62E52A049AFB}.Release|Any CPU.ActiveCfg = Release|Any CPU
		{E4FDAFEF-9AC2-4FF6-97DD-62E52A049AFB}.Release|Any CPU.Build.0 = Release|Any CPU
	EndGlobalSection
EndGlobal
